
Microsoft Visual Studio Solution File, Format Version 12.00
# Visual Studio 15
VisualStudioVersion = 15.0.26730.3
MinimumVisualStudioVersion = 10.0.40219.1
Project("{FAE04EC0-301F-11D3-BF4B-00C04F79EFBC}") = "Reorder by Bookmarks", "Reorder by Bookmarks\Reorder by Bookmarks.csproj", "{61092325-C293-4EBD-8DFA-C25C5B3CB49D}"
EndProject
Global
	GlobalSection(SolutionConfigurationPlatforms) = preSolution
		Debug|Any CPU = Debug|Any CPU
		Release|Any CPU = Release|Any CPU
	EndGlobalSection
	GlobalSection(ProjectConfigurationPlatforms) = postSolution
		{61092325-C293-4EBD-8DFA-C25C5B3CB49D}.Debug|Any CPU.ActiveCfg = Debug|Any CPU
		{61092325-C293-4EBD-8DFA-C25C5B3CB49D}.Debug|Any CPU.Build.0 = Debug|Any CPU
		{61092325-C293-4EBD-8DFA-C25C5B3CB49D}.Release|Any CPU.ActiveCfg = Release|Any CPU
		{61092325-C293-4EBD-8DFA-C25C5B3CB49D}.Release|Any CPU.Build.0 = Release|Any CPU
	EndGlobalSection
	GlobalSection(SolutionProperties) = preSolution
		HideSolutionNode = FALSE
	EndGlobalSection
	GlobalSection(ExtensibilityGlobals) = postSolution
		SolutionGuid = {29315A83-3AED-4565-9840-7082ED6F7E98}
	EndGlobalSection
EndGlobal
